
Microsoft Visual Studio Solution File, Format Version 12.00
# Visual Studio 2013
VisualStudioVersion = 12.0.21005.1
MinimumVisualStudioVersion = 10.0.40219.1
Project("{FAE04EC0-301F-11D3-BF4B-00C04F79EFBC}") = "01.CatchInvalidNumber", "01.CatchInvalidNumber\01.CatchInvalidNumber.csproj", "{8470A8DE-2D7C-47BC-80FA-F1E70F1E94EF}"
EndProject
Project("{FAE04EC0-301F-11D3-BF4B-00C04F79EFBC}") = "02.ReadAndValidateNumbers", "02.ReadAndValidateNumbers\02.ReadAndValidateNumbers.csproj", "{8448F316-E70B-48F7-A5F1-5D8624633A51}"
EndProject
Project("{FAE04EC0-301F-11D3-BF4B-00C04F79EFBC}") = "03.ReadAndPrintFile", "03.ReadAndPrintFile\03.ReadAndPrintFile.csproj", "{3EA3211D-E168-480E-AE02-B025C33C08F4}"
EndProject
Project("{FAE04EC0-301F-11D3-BF4B-00C04F79EFBC}") = "04.DownloadAndStoreFile", "04.DownloadAndStoreFile\04.DownloadAndStoreFile.csproj", "{034B51E9-95E7-4A1F-9BA5-7DACBA60ECFA}"
EndProject
Global
	GlobalSection(SolutionConfigurationPlatforms) = preSolution
		Debug|Any CPU = Debug|Any CPU
		Release|Any CPU = Release|Any CPU
	EndGlobalSection
	GlobalSection(ProjectConfigurationPlatforms) = postSolution
		{8470A8DE-2D7C-47BC-80FA-F1E70F1E94EF}.Debug|Any CPU.ActiveCfg = Debug|Any CPU
		{8470A8DE-2D7C-47BC-80FA-F1E70F1E94EF}.Debug|Any CPU.Build.0 = Debug|Any CPU
		{8470A8DE-2D7C-47BC-80FA-F1E70F1E94EF}.Release|Any CPU.ActiveCfg = Release|Any CPU
		{8470A8DE-2D7C-47BC-80FA-F1E70F1E94EF}.Release|Any CPU.Build.0 = Release|Any CPU
		{8448F316-E70B-48F7-A5F1-5D8624633A51}.Debug|Any CPU.ActiveCfg = Debug|Any CPU
		{8448F316-E70B-48F7-A5F1-5D8624633A51}.Debug|Any CPU.Build.0 = Debug|Any CPU
		{8448F316-E70B-48F7-A5F1-5D8624633A51}.Release|Any CPU.ActiveCfg = Release|Any CPU
		{8448F316-E70B-48F7-A5F1-5D8624633A51}.Release|Any CPU.Build.0 = Release|Any CPU
		{3EA3211D-E168-480E-AE02-B025C33C08F4}.Debug|Any CPU.ActiveCfg = Debug|Any CPU
		{3EA3211D-E168-480E-AE02-B025C33C08F4}.Debug|Any CPU.Build.0 = Debug|Any CPU
		{3EA3211D-E168-480E-AE02-B025C33C08F4}.Release|Any CPU.ActiveCfg = Release|Any CPU
		{3EA3211D-E168-480E-AE02-B025C33C08F4}.Release|Any CPU.Build.0 = Release|Any CPU
		{034B51E9-95E7-4A1F-9BA5-7DACBA60ECFA}.Debug|Any CPU.ActiveCfg = Debug|Any CPU
		{034B51E9-95E7-4A1F-9BA5-7DACBA60ECFA}.Debug|Any CPU.Build.0 = Debug|Any CPU
		{034B51E9-95E7-4A1F-9BA5-7DACBA60ECFA}.Release|Any CPU.ActiveCfg = Release|Any CPU
		{034B51E9-95E7-4A1F-9BA5-7DACBA60ECFA}.Release|Any CPU.Build.0 = Release|Any CPU
	EndGlobalSection
	GlobalSection(SolutionProperties) = preSolution
		HideSolutionNode = FALSE
	EndGlobalSection
EndGlobal
